
Microsoft Visual Studio Solution File, Format Version 12.00
# Visual Studio Version 16
VisualStudioVersion = 16.0.30503.244
MinimumVisualStudioVersion = 10.0.40219.1
Project("{00D1A9C2-B5F0-4AF3-8072-F6C62B433612}") = "CarryoverDB", "CarryoverDB.sqlproj", "{AC62A431-C8A4-4CA5-81A0-A499D564AF8A}"
EndProject
Global
	GlobalSection(SolutionConfigurationPlatforms) = preSolution
		Debug|Any CPU = Debug|Any CPU
		Release|Any CPU = Release|Any CPU
	EndGlobalSection
	GlobalSection(ProjectConfigurationPlatforms) = postSolution
		{AC62A431-C8A4-4CA5-81A0-A499D564AF8A}.Debug|Any CPU.ActiveCfg = Debug|Any CPU
		{AC62A431-C8A4-4CA5-81A0-A499D564AF8A}.Debug|Any CPU.Build.0 = Debug|Any CPU
		{AC62A431-C8A4-4CA5-81A0-A499D564AF8A}.Debug|Any CPU.Deploy.0 = Debug|Any CPU
		{AC62A431-C8A4-4CA5-81A0-A499D564AF8A}.Release|Any CPU.ActiveCfg = Release|Any CPU
		{AC62A431-C8A4-4CA5-81A0-A499D564AF8A}.Release|Any CPU.Build.0 = Release|Any CPU
		{AC62A431-C8A4-4CA5-81A0-A499D564AF8A}.Release|Any CPU.Deploy.0 = Release|Any CPU
	EndGlobalSection
	GlobalSection(SolutionProperties) = preSolution
		HideSolutionNode = FALSE
	EndGlobalSection
	GlobalSection(ExtensibilityGlobals) = postSolution
		SolutionGuid = {22940C19-29B9-4D86-A5AF-CC5D2D457276}
	EndGlobalSection
EndGlobal
